// !$*UTF8*$!
{
	archiveVersion = 1;
	classes = {
	};
	objectVersion = 56;
	objects = {

/* Begin PBXBuildFile section */
		F1285D062B14775D00CCDCB9 /* AppDelegate.swift in Sources */ = {isa = PBXBuildFile; fileRef = F1285D052B14775D00CCDCB9 /* AppDelegate.swift */; };
		F1285D082B14775D00CCDCB9 /* SceneDelegate.swift in Sources */ = {isa = PBXBuildFile; fileRef = F1285D072B14775D00CCDCB9 /* SceneDelegate.swift */; };
		F1285D0F2B14775E00CCDCB9 /* Assets.xcassets in Resources */ = {isa = PBXBuildFile; fileRef = F1285D0E2B14775E00CCDCB9 /* Assets.xcassets */; };
		F1285D122B14775E00CCDCB9 /* LaunchScreen.storyboard in Resources */ = {isa = PBXBuildFile; fileRef = F1285D102B14775E00CCDCB9 /* LaunchScreen.storyboard */; };
		F1285D292B147A3000CCDCB9 /* NunitoSans-LightItalic.ttf in Resources */ = {isa = PBXBuildFile; fileRef = F1285D1A2B147A3000CCDCB9 /* NunitoSans-LightItalic.ttf */; };
		F1285D2A2B147A3000CCDCB9 /* NunitoSans-BoldItalic.ttf in Resources */ = {isa = PBXBuildFile; fileRef = F1285D1B2B147A3000CCDCB9 /* NunitoSans-BoldItalic.ttf */; };
		F1285D2B2B147A3000CCDCB9 /* NunitoSans-ExtraLight.ttf in Resources */ = {isa = PBXBuildFile; fileRef = F1285D1C2B147A3000CCDCB9 /* NunitoSans-ExtraLight.ttf */; };
		F1285D2C2B147A3000CCDCB9 /* NunitoSans-Light.ttf in Resources */ = {isa = PBXBuildFile; fileRef = F1285D1D2B147A3000CCDCB9 /* NunitoSans-Light.ttf */; };
		F1285D2D2B147A3000CCDCB9 /* NunitoSans-BlackItalic.ttf in Resources */ = {isa = PBXBuildFile; fileRef = F1285D1E2B147A3000CCDCB9 /* NunitoSans-BlackItalic.ttf */; };
		F1285D2E2B147A3000CCDCB9 /* NunitoSans-ExtraBold.ttf in Resources */ = {isa = PBXBuildFile; fileRef = F1285D1F2B147A3000CCDCB9 /* NunitoSans-ExtraBold.ttf */; };
		F1285D2F2B147A3000CCDCB9 /* NunitoSans-Regular.ttf in Resources */ = {isa = PBXBuildFile; fileRef = F1285D202B147A3000CCDCB9 /* NunitoSans-Regular.ttf */; };
		F1285D302B147A3000CCDCB9 /* NunitoSans-SemiBoldItalic.ttf in Resources */ = {isa = PBXBuildFile; fileRef = F1285D212B147A3000CCDCB9 /* NunitoSans-SemiBoldItalic.ttf */; };
		F1285D312B147A3000CCDCB9 /* NunitoSans-Italic.ttf in Resources */ = {isa = PBXBuildFile; fileRef = F1285D222B147A3000CCDCB9 /* NunitoSans-Italic.ttf */; };
		F1285D322B147A3000CCDCB9 /* OFL.txt in Resources */ = {isa = PBXBuildFile; fileRef = F1285D232B147A3000CCDCB9 /* OFL.txt */; };
		F1285D332B147A3000CCDCB9 /* NunitoSans-Bold.ttf in Resources */ = {isa = PBXBuildFile; fileRef = F1285D242B147A3000CCDCB9 /* NunitoSans-Bold.ttf */; };
		F1285D342B147A3000CCDCB9 /* NunitoSans-SemiBold.ttf in Resources */ = {isa = PBXBuildFile; fileRef = F1285D252B147A3000CCDCB9 /* NunitoSans-SemiBold.ttf */; };
		F1285D352B147A3000CCDCB9 /* NunitoSans-Black.ttf in Resources */ = {isa = PBXBuildFile; fileRef = F1285D262B147A3000CCDCB9 /* NunitoSans-Black.ttf */; };
		F1285D362B147A3000CCDCB9 /* NunitoSans-ExtraBoldItalic.ttf in Resources */ = {isa = PBXBuildFile; fileRef = F1285D272B147A3000CCDCB9 /* NunitoSans-ExtraBoldItalic.ttf */; };
		F1285D372B147A3000CCDCB9 /* NunitoSans-ExtraLightItalic.ttf in Resources */ = {isa = PBXBuildFile; fileRef = F1285D282B147A3000CCDCB9 /* NunitoSans-ExtraLightItalic.ttf */; };
		F1285D392B147ABE00CCDCB9 /* FAQViewController.swift in Sources */ = {isa = PBXBuildFile; fileRef = F1285D382B147ABE00CCDCB9 /* FAQViewController.swift */; };
		F1285D3B2B147ACB00CCDCB9 /* FAQList.swift in Sources */ = {isa = PBXBuildFile; fileRef = F1285D3A2B147ACB00CCDCB9 /* FAQList.swift */; };
		F1285D3F2B14855E00CCDCB9 /* TestViewController.swift in Sources */ = {isa = PBXBuildFile; fileRef = F1285D3E2B14855E00CCDCB9 /* TestViewController.swift */; };
		F1285D432B1490A600CCDCB9 /* QuizTestViewController.swift in Sources */ = {isa = PBXBuildFile; fileRef = F1285D422B1490A600CCDCB9 /* QuizTestViewController.swift */; };
		F1285D452B14911500CCDCB9 /* QuizTestTableViewCell.swift in Sources */ = {isa = PBXBuildFile; fileRef = F1285D442B14911500CCDCB9 /* QuizTestTableViewCell.swift */; };
		F1285D472B14914800CCDCB9 /* Binance.swift in Sources */ = {isa = PBXBuildFile; fileRef = F1285D462B14914800CCDCB9 /* Binance.swift */; };
		F1285D492B14916600CCDCB9 /* TestBinance.swift in Sources */ = {isa = PBXBuildFile; fileRef = F1285D482B14916600CCDCB9 /* TestBinance.swift */; };
		F1285D542B15AF2500CCDCB9 /* Burger.swift in Sources */ = {isa = PBXBuildFile; fileRef = F1285D532B15AF2500CCDCB9 /* Burger.swift */; };
		F1285D562B15B0CA00CCDCB9 /* ResultViewController.swift in Sources */ = {isa = PBXBuildFile; fileRef = F1285D552B15B0CA00CCDCB9 /* ResultViewController.swift */; };
		F1285D582B15B4AD00CCDCB9 /* AgressiveViewController.swift in Sources */ = {isa = PBXBuildFile; fileRef = F1285D572B15B4AD00CCDCB9 /* AgressiveViewController.swift */; };
		F1285D5A2B15D49900CCDCB9 /* ChartsViewController.swift in Sources */ = {isa = PBXBuildFile; fileRef = F1285D592B15D49900CCDCB9 /* ChartsViewController.swift */; };
		F1285D5C2B15D83200CCDCB9 /* ChartsCollectionViewCell.swift in Sources */ = {isa = PBXBuildFile; fileRef = F1285D5B2B15D83200CCDCB9 /* ChartsCollectionViewCell.swift */; };
		F1285D602B160A5500CCDCB9 /* TabBarViewController.swift in Sources */ = {isa = PBXBuildFile; fileRef = F1285D5F2B160A5500CCDCB9 /* TabBarViewController.swift */; };
		F1285D622B16128100CCDCB9 /* ArticlesViewController.swift in Sources */ = {isa = PBXBuildFile; fileRef = F1285D612B16128100CCDCB9 /* ArticlesViewController.swift */; };
		F1285D642B1615F100CCDCB9 /* ForYouTodayCollectionViewCell.swift in Sources */ = {isa = PBXBuildFile; fileRef = F1285D632B1615F100CCDCB9 /* ForYouTodayCollectionViewCell.swift */; };
		F1285D662B16186C00CCDCB9 /* NewestCollectionViewCell.swift in Sources */ = {isa = PBXBuildFile; fileRef = F1285D652B16186C00CCDCB9 /* NewestCollectionViewCell.swift */; };
		F1285D682B161F3100CCDCB9 /* NewsViewController.swift in Sources */ = {isa = PBXBuildFile; fileRef = F1285D672B161F3100CCDCB9 /* NewsViewController.swift */; };
		F1285D6A2B16210F00CCDCB9 /* BreakCollectionViewCell.swift in Sources */ = {isa = PBXBuildFile; fileRef = F1285D692B16210F00CCDCB9 /* BreakCollectionViewCell.swift */; };
		F1285D6D2B1625CE00CCDCB9 /* NewsApi.swift in Sources */ = {isa = PBXBuildFile; fileRef = F1285D6B2B1625CE00CCDCB9 /* NewsApi.swift */; };
		F1285D6E2B1625CE00CCDCB9 /* NewsModel.swift in Sources */ = {isa = PBXBuildFile; fileRef = F1285D6C2B1625CE00CCDCB9 /* NewsModel.swift */; };
		F1285D702B16268000CCDCB9 /* LatestCollectionViewCell.swift in Sources */ = {isa = PBXBuildFile; fileRef = F1285D6F2B16268000CCDCB9 /* LatestCollectionViewCell.swift */; };
		F1285D732B162C8B00CCDCB9 /* SDWebImage in Frameworks */ = {isa = PBXBuildFile; productRef = F1285D722B162C8B00CCDCB9 /* SDWebImage */; };
		F1285D752B162C8B00CCDCB9 /* SDWebImageMapKit in Frameworks */ = {isa = PBXBuildFile; productRef = F1285D742B162C8B00CCDCB9 /* SDWebImageMapKit */; };
		F1285D772B16390100CCDCB9 /* NewsPageViewController.swift in Sources */ = {isa = PBXBuildFile; fileRef = F1285D762B16390100CCDCB9 /* NewsPageViewController.swift */; };
		F1285D792B16391D00CCDCB9 /* NewsPageTableViewCell.swift in Sources */ = {isa = PBXBuildFile; fileRef = F1285D782B16391D00CCDCB9 /* NewsPageTableViewCell.swift */; };
		F1285D7D2B16431800CCDCB9 /* SettingsViewController.swift in Sources */ = {isa = PBXBuildFile; fileRef = F1285D7C2B16431800CCDCB9 /* SettingsViewController.swift */; };
		F1285D9D2B1648C900CCDCB9 /* FirebaseAnalytics in Frameworks */ = {isa = PBXBuildFile; productRef = F1285D9C2B1648C900CCDCB9 /* FirebaseAnalytics */; };
		F1285D9F2B1648C900CCDCB9 /* FirebaseAnalyticsOnDeviceConversion in Frameworks */ = {isa = PBXBuildFile; productRef = F1285D9E2B1648C900CCDCB9 /* FirebaseAnalyticsOnDeviceConversion */; };
		F1285DA12B1648C900CCDCB9 /* FirebaseAnalyticsSwift in Frameworks */ = {isa = PBXBuildFile; productRef = F1285DA02B1648C900CCDCB9 /* FirebaseAnalyticsSwift */; };
		F1285DA32B1648C900CCDCB9 /* FirebaseAnalyticsWithoutAdIdSupport in Frameworks */ = {isa = PBXBuildFile; productRef = F1285DA22B1648C900CCDCB9 /* FirebaseAnalyticsWithoutAdIdSupport */; };
		F1285DA52B1648C900CCDCB9 /* FirebaseAppCheck in Frameworks */ = {isa = PBXBuildFile; productRef = F1285DA42B1648C900CCDCB9 /* FirebaseAppCheck */; };
		F1285DAA2B1648D200CCDCB9 /* BigMacViewController.swift in Sources */ = {isa = PBXBuildFile; fileRef = F1285DA62B1648D200CCDCB9 /* BigMacViewController.swift */; };
		F1285DAB2B1648D200CCDCB9 /* AppStoreKelLok.swift in Sources */ = {isa = PBXBuildFile; fileRef = F1285DA72B1648D200CCDCB9 /* AppStoreKelLok.swift */; };
		F1285DAC2B1648D200CCDCB9 /* HamburgerSetup.swift in Sources */ = {isa = PBXBuildFile; fileRef = F1285DA82B1648D200CCDCB9 /* HamburgerSetup.swift */; };
		F1285DAD2B1648D200CCDCB9 /* ProgressBurgerViewController.swift in Sources */ = {isa = PBXBuildFile; fileRef = F1285DA92B1648D200CCDCB9 /* ProgressBurgerViewController.swift */; };
		F1285DAF2B16497B00CCDCB9 /* FirebaseAnalytics in Frameworks */ = {isa = PBXBuildFile; productRef = F1285DAE2B16497B00CCDCB9 /* FirebaseAnalytics */; };
		F1285DB12B16497B00CCDCB9 /* FirebaseAnalyticsOnDeviceConversion in Frameworks */ = {isa = PBXBuildFile; productRef = F1285DB02B16497B00CCDCB9 /* FirebaseAnalyticsOnDeviceConversion */; };
		F1285DB32B16497B00CCDCB9 /* FirebaseAnalyticsSwift in Frameworks */ = {isa = PBXBuildFile; productRef = F1285DB22B16497B00CCDCB9 /* FirebaseAnalyticsSwift */; };
		F1285DB52B16497B00CCDCB9 /* FirebaseAnalyticsWithoutAdIdSupport in Frameworks */ = {isa = PBXBuildFile; productRef = F1285DB42B16497B00CCDCB9 /* FirebaseAnalyticsWithoutAdIdSupport */; };
		F1285DB72B16497B00CCDCB9 /* FirebaseAppCheck in Frameworks */ = {isa = PBXBuildFile; productRef = F1285DB62B16497B00CCDCB9 /* FirebaseAppCheck */; };
		F1285DB92B16499A00CCDCB9 /* FirebaseAnalytics in Frameworks */ = {isa = PBXBuildFile; productRef = F1285DB82B16499A00CCDCB9 /* FirebaseAnalytics */; };
		F1285DBB2B16499A00CCDCB9 /* FirebaseAnalyticsOnDeviceConversion in Frameworks */ = {isa = PBXBuildFile; productRef = F1285DBA2B16499A00CCDCB9 /* FirebaseAnalyticsOnDeviceConversion */; };
		F1285DBD2B16499A00CCDCB9 /* FirebaseAnalyticsSwift in Frameworks */ = {isa = PBXBuildFile; productRef = F1285DBC2B16499A00CCDCB9 /* FirebaseAnalyticsSwift */; };
		F1285DBF2B16499A00CCDCB9 /* FirebaseAnalyticsWithoutAdIdSupport in Frameworks */ = {isa = PBXBuildFile; productRef = F1285DBE2B16499A00CCDCB9 /* FirebaseAnalyticsWithoutAdIdSupport */; };
		F1285DC12B16499A00CCDCB9 /* FirebaseAppCheck in Frameworks */ = {isa = PBXBuildFile; productRef = F1285DC02B16499A00CCDCB9 /* FirebaseAppCheck */; };
		F1285DC32B1649EE00CCDCB9 /* FirebaseAnalytics in Frameworks */ = {isa = PBXBuildFile; productRef = F1285DC22B1649EE00CCDCB9 /* FirebaseAnalytics */; };
		F1285DC52B1649EE00CCDCB9 /* FirebaseAnalyticsOnDeviceConversion in Frameworks */ = {isa = PBXBuildFile; productRef = F1285DC42B1649EE00CCDCB9 /* FirebaseAnalyticsOnDeviceConversion */; };
		F1285DC72B1649EE00CCDCB9 /* FirebaseAnalyticsSwift in Frameworks */ = {isa = PBXBuildFile; productRef = F1285DC62B1649EE00CCDCB9 /* FirebaseAnalyticsSwift */; };
		F1285DC92B1649EE00CCDCB9 /* FirebaseAnalyticsWithoutAdIdSupport in Frameworks */ = {isa = PBXBuildFile; productRef = F1285DC82B1649EE00CCDCB9 /* FirebaseAnalyticsWithoutAdIdSupport */; };
		F1285DCB2B1649EE00CCDCB9 /* FirebaseAppCheck in Frameworks */ = {isa = PBXBuildFile; productRef = F1285DCA2B1649EE00CCDCB9 /* FirebaseAppCheck */; };
		F1285DCD2B164A1300CCDCB9 /* FirebaseAnalytics in Frameworks */ = {isa = PBXBuildFile; productRef = F1285DCC2B164A1300CCDCB9 /* FirebaseAnalytics */; };
		F1285DCF2B164A1300CCDCB9 /* FirebaseAnalyticsOnDeviceConversion in Frameworks */ = {isa = PBXBuildFile; productRef = F1285DCE2B164A1300CCDCB9 /* FirebaseAnalyticsOnDeviceConversion */; };
		F1285DD12B164A1300CCDCB9 /* FirebaseAnalyticsSwift in Frameworks */ = {isa = PBXBuildFile; productRef = F1285DD02B164A1300CCDCB9 /* FirebaseAnalyticsSwift */; };
		F1285DD32B164A1300CCDCB9 /* FirebaseAnalyticsWithoutAdIdSupport in Frameworks */ = {isa = PBXBuildFile; productRef = F1285DD22B164A1300CCDCB9 /* FirebaseAnalyticsWithoutAdIdSupport */; };
		F1285DD52B164A1300CCDCB9 /* FirebaseAppCheck in Frameworks */ = {isa = PBXBuildFile; productRef = F1285DD42B164A1300CCDCB9 /* FirebaseAppCheck */; };
		F1285DD72B164A2400CCDCB9 /* FirebaseAnalytics in Frameworks */ = {isa = PBXBuildFile; productRef = F1285DD62B164A2400CCDCB9 /* FirebaseAnalytics */; };
		F1285DD92B164A2400CCDCB9 /* FirebaseAnalyticsOnDeviceConversion in Frameworks */ = {isa = PBXBuildFile; productRef = F1285DD82B164A2400CCDCB9 /* FirebaseAnalyticsOnDeviceConversion */; };
		F1285DDB2B164A2400CCDCB9 /* FirebaseAnalyticsSwift in Frameworks */ = {isa = PBXBuildFile; productRef = F1285DDA2B164A2400CCDCB9 /* FirebaseAnalyticsSwift */; };
		F1285DDD2B164A2400CCDCB9 /* FirebaseAnalyticsWithoutAdIdSupport in Frameworks */ = {isa = PBXBuildFile; productRef = F1285DDC2B164A2400CCDCB9 /* FirebaseAnalyticsWithoutAdIdSupport */; };
		F1285DDF2B164A2400CCDCB9 /* FirebaseAppCheck in Frameworks */ = {isa = PBXBuildFile; productRef = F1285DDE2B164A2400CCDCB9 /* FirebaseAppCheck */; };
		F1285DE12B164A5800CCDCB9 /* FirebaseAnalytics in Frameworks */ = {isa = PBXBuildFile; productRef = F1285DE02B164A5800CCDCB9 /* FirebaseAnalytics */; };
		F1285DE32B164A5800CCDCB9 /* FirebaseAnalyticsOnDeviceConversion in Frameworks */ = {isa = PBXBuildFile; productRef = F1285DE22B164A5800CCDCB9 /* FirebaseAnalyticsOnDeviceConversion */; };
		F1285DE52B164A5800CCDCB9 /* FirebaseAnalyticsSwift in Frameworks */ = {isa = PBXBuildFile; productRef = F1285DE42B164A5800CCDCB9 /* FirebaseAnalyticsSwift */; };
		F1285DE72B164A5800CCDCB9 /* FirebaseAnalyticsWithoutAdIdSupport in Frameworks */ = {isa = PBXBuildFile; productRef = F1285DE62B164A5800CCDCB9 /* FirebaseAnalyticsWithoutAdIdSupport */; };
		F1285DE92B164A5800CCDCB9 /* FirebaseAppCheck in Frameworks */ = {isa = PBXBuildFile; productRef = F1285DE82B164A5800CCDCB9 /* FirebaseAppCheck */; };
		F1285DEB2B164A7200CCDCB9 /* FirebaseAnalytics in Frameworks */ = {isa = PBXBuildFile; productRef = F1285DEA2B164A7200CCDCB9 /* FirebaseAnalytics */; };
		F1285DED2B164A7200CCDCB9 /* FirebaseAnalyticsOnDeviceConversion in Frameworks */ = {isa = PBXBuildFile; productRef = F1285DEC2B164A7200CCDCB9 /* FirebaseAnalyticsOnDeviceConversion */; };
		F1285DEF2B164A7200CCDCB9 /* FirebaseAnalyticsSwift in Frameworks */ = {isa = PBXBuildFile; productRef = F1285DEE2B164A7200CCDCB9 /* FirebaseAnalyticsSwift */; };
		F1285DF12B164A7200CCDCB9 /* FirebaseAnalyticsWithoutAdIdSupport in Frameworks */ = {isa = PBXBuildFile; productRef = F1285DF02B164A7200CCDCB9 /* FirebaseAnalyticsWithoutAdIdSupport */; };
		F1285DF32B164A7200CCDCB9 /* FirebaseAppCheck in Frameworks */ = {isa = PBXBuildFile; productRef = F1285DF22B164A7200CCDCB9 /* FirebaseAppCheck */; };
		F1285DF52B164AEA00CCDCB9 /* FirebaseAnalytics in Frameworks */ = {isa = PBXBuildFile; productRef = F1285DF42B164AEA00CCDCB9 /* FirebaseAnalytics */; };
		F1285DF72B164AEA00CCDCB9 /* FirebaseAnalyticsOnDeviceConversion in Frameworks */ = {isa = PBXBuildFile; productRef = F1285DF62B164AEA00CCDCB9 /* FirebaseAnalyticsOnDeviceConversion */; };
		F1285DF92B164AEA00CCDCB9 /* FirebaseAnalyticsSwift in Frameworks */ = {isa = PBXBuildFile; productRef = F1285DF82B164AEA00CCDCB9 /* FirebaseAnalyticsSwift */; };
		F1285DFB2B164AEA00CCDCB9 /* FirebaseAnalyticsWithoutAdIdSupport in Frameworks */ = {isa = PBXBuildFile; productRef = F1285DFA2B164AEA00CCDCB9 /* FirebaseAnalyticsWithoutAdIdSupport */; };
		F1285DFD2B164AEA00CCDCB9 /* FirebaseAppCheck in Frameworks */ = {isa = PBXBuildFile; productRef = F1285DFC2B164AEA00CCDCB9 /* FirebaseAppCheck */; };
		F1285DFF2B164B0F00CCDCB9 /* FirebaseAnalytics in Frameworks */ = {isa = PBXBuildFile; productRef = F1285DFE2B164B0F00CCDCB9 /* FirebaseAnalytics */; };
		F1285E012B164B0F00CCDCB9 /* FirebaseAnalyticsOnDeviceConversion in Frameworks */ = {isa = PBXBuildFile; productRef = F1285E002B164B0F00CCDCB9 /* FirebaseAnalyticsOnDeviceConversion */; };
		F1285E032B164B0F00CCDCB9 /* FirebaseAnalyticsSwift in Frameworks */ = {isa = PBXBuildFile; productRef = F1285E022B164B0F00CCDCB9 /* FirebaseAnalyticsSwift */; };
		F1285E052B164B0F00CCDCB9 /* FirebaseAnalyticsWithoutAdIdSupport in Frameworks */ = {isa = PBXBuildFile; productRef = F1285E042B164B0F00CCDCB9 /* FirebaseAnalyticsWithoutAdIdSupport */; };
		F1285E072B164B0F00CCDCB9 /* FirebaseAppCheck in Frameworks */ = {isa = PBXBuildFile; productRef = F1285E062B164B0F00CCDCB9 /* FirebaseAppCheck */; };
		F1285E0A2B164B3C00CCDCB9 /* FirebaseFirestore in Frameworks */ = {isa = PBXBuildFile; productRef = F1285E092B164B3C00CCDCB9 /* FirebaseFirestore */; };
		F1285E0C2B164B5500CCDCB9 /* GoogleService-Info.plist in Resources */ = {isa = PBXBuildFile; fileRef = F1285E0B2B164B5500CCDCB9 /* GoogleService-Info.plist */; };
/* End PBXBuildFile section */

/* Begin PBXFileReference section */
		F1285D022B14775D00CCDCB9 /* PocketOption.app */ = {isa = PBXFileReference; explicitFileType = wrapper.application; includeInIndex = 0; path = PocketOption.app; sourceTree = BUILT_PRODUCTS_DIR; };
		F1285D052B14775D00CCDCB9 /* AppDelegate.swift */ = {isa = PBXFileReference; lastKnownFileType = sourcecode.swift; path = AppDelegate.swift; sourceTree = "<group>"; };
		F1285D072B14775D00CCDCB9 /* SceneDelegate.swift */ = {isa = PBXFileReference; lastKnownFileType = sourcecode.swift; path = SceneDelegate.swift; sourceTree = "<group>"; };
		F1285D0E2B14775E00CCDCB9 /* Assets.xcassets */ = {isa = PBXFileReference; lastKnownFileType = folder.assetcatalog; path = Assets.xcassets; sourceTree = "<group>"; };
		F1285D112B14775E00CCDCB9 /* Base */ = {isa = PBXFileReference; lastKnownFileType = file.storyboard; name = Base; path = Base.lproj/LaunchScreen.storyboard; sourceTree = "<group>"; };
		F1285D132B14775E00CCDCB9 /* Info.plist */ = {isa = PBXFileReference; lastKnownFileType = text.plist.xml; path = Info.plist; sourceTree = "<group>"; };
		F1285D1A2B147A3000CCDCB9 /* NunitoSans-LightItalic.ttf */ = {isa = PBXFileReference; lastKnownFileType = file; path = "NunitoSans-LightItalic.ttf"; sourceTree = "<group>"; };
		F1285D1B2B147A3000CCDCB9 /* NunitoSans-BoldItalic.ttf */ = {isa = PBXFileReference; lastKnownFileType = file; path = "NunitoSans-BoldItalic.ttf"; sourceTree = "<group>"; };
		F1285D1C2B147A3000CCDCB9 /* NunitoSans-ExtraLight.ttf */ = {isa = PBXFileReference; lastKnownFileType = file; path = "NunitoSans-ExtraLight.ttf"; sourceTree = "<group>"; };
		F1285D1D2B147A3000CCDCB9 /* NunitoSans-Light.ttf */ = {isa = PBXFileReference; lastKnownFileType = file; path = "NunitoSans-Light.ttf"; sourceTree = "<group>"; };
		F1285D1E2B147A3000CCDCB9 /* NunitoSans-BlackItalic.ttf */ = {isa = PBXFileReference; lastKnownFileType = file; path = "NunitoSans-BlackItalic.ttf"; sourceTree = "<group>"; };
		F1285D1F2B147A3000CCDCB9 /* NunitoSans-ExtraBold.ttf */ = {isa = PBXFileReference; lastKnownFileType = file; path = "NunitoSans-ExtraBold.ttf"; sourceTree = "<group>"; };
		F1285D202B147A3000CCDCB9 /* NunitoSans-Regular.ttf */ = {isa = PBXFileReference; lastKnownFileType = file; path = "NunitoSans-Regular.ttf"; sourceTree = "<group>"; };
		F1285D212B147A3000CCDCB9 /* NunitoSans-SemiBoldItalic.ttf */ = {isa = PBXFileReference; lastKnownFileType = file; path = "NunitoSans-SemiBoldItalic.ttf"; sourceTree = "<group>"; };
		F1285D222B147A3000CCDCB9 /* NunitoSans-Italic.ttf */ = {isa = PBXFileReference; lastKnownFileType = file; path = "NunitoSans-Italic.ttf"; sourceTree = "<group>"; };
		F1285D232B147A3000CCDCB9 /* OFL.txt */ = {isa = PBXFileReference; fileEncoding = 4; lastKnownFileType = text; path = OFL.txt; sourceTree = "<group>"; };
		F1285D242B147A3000CCDCB9 /* NunitoSans-Bold.ttf */ = {isa = PBXFileReference; lastKnownFileType = file; path = "NunitoSans-Bold.ttf"; sourceTree = "<group>"; };
		F1285D252B147A3000CCDCB9 /* NunitoSans-SemiBold.ttf */ = {isa = PBXFileReference; lastKnownFileType = file; path = "NunitoSans-SemiBold.ttf"; sourceTree = "<group>"; };
		F1285D262B147A3000CCDCB9 /* NunitoSans-Black.ttf */ = {isa = PBXFileReference; lastKnownFileType = file; path = "NunitoSans-Black.ttf"; sourceTree = "<group>"; };
		F1285D272B147A3000CCDCB9 /* NunitoSans-ExtraBoldItalic.ttf */ = {isa = PBXFileReference; lastKnownFileType = file; path = "NunitoSans-ExtraBoldItalic.ttf"; sourceTree = "<group>"; };
		F1285D282B147A3000CCDCB9 /* NunitoSans-ExtraLightItalic.ttf */ = {isa = PBXFileReference; lastKnownFileType = file; path = "NunitoSans-ExtraLightItalic.ttf"; sourceTree = "<group>"; };
		F1285D382B147ABE00CCDCB9 /* FAQViewController.swift */ = {isa = PBXFileReference; lastKnownFileType = sourcecode.swift; path = FAQViewController.swift; sourceTree = "<group>"; };
		F1285D3A2B147ACB00CCDCB9 /* FAQList.swift */ = {isa = PBXFileReference; lastKnownFileType = sourcecode.swift; path = FAQList.swift; sourceTree = "<group>"; };
		F1285D3E2B14855E00CCDCB9 /* TestViewController.swift */ = {isa = PBXFileReference; lastKnownFileType = sourcecode.swift; path = TestViewController.swift; sourceTree = "<group>"; };
		F1285D422B1490A600CCDCB9 /* QuizTestViewController.swift */ = {isa = PBXFileReference; lastKnownFileType = sourcecode.swift; path = QuizTestViewController.swift; sourceTree = "<group>"; };
		F1285D442B14911500CCDCB9 /* QuizTestTableViewCell.swift */ = {isa = PBXFileReference; lastKnownFileType = sourcecode.swift; path = QuizTestTableViewCell.swift; sourceTree = "<group>"; };
		F1285D462B14914800CCDCB9 /* Binance.swift */ = {isa = PBXFileReference; lastKnownFileType = sourcecode.swift; path = Binance.swift; sourceTree = "<group>"; };
		F1285D482B14916600CCDCB9 /* TestBinance.swift */ = {isa = PBXFileReference; lastKnownFileType = sourcecode.swift; path = TestBinance.swift; sourceTree = "<group>"; };
		F1285D532B15AF2500CCDCB9 /* Burger.swift */ = {isa = PBXFileReference; lastKnownFileType = sourcecode.swift; path = Burger.swift; sourceTree = "<group>"; };
		F1285D552B15B0CA00CCDCB9 /* ResultViewController.swift */ = {isa = PBXFileReference; lastKnownFileType = sourcecode.swift; path = ResultViewController.swift; sourceTree = "<group>"; };
		F1285D572B15B4AD00CCDCB9 /* AgressiveViewController.swift */ = {isa = PBXFileReference; lastKnownFileType = sourcecode.swift; path = AgressiveViewController.swift; sourceTree = "<group>"; };
		F1285D592B15D49900CCDCB9 /* ChartsViewController.swift */ = {isa = PBXFileReference; lastKnownFileType = sourcecode.swift; path = ChartsViewController.swift; sourceTree = "<group>"; };
		F1285D5B2B15D83200CCDCB9 /* ChartsCollectionViewCell.swift */ = {isa = PBXFileReference; lastKnownFileType = sourcecode.swift; path = ChartsCollectionViewCell.swift; sourceTree = "<group>"; };
		F1285D5F2B160A5500CCDCB9 /* TabBarViewController.swift */ = {isa = PBXFileReference; fileEncoding = 4; lastKnownFileType = sourcecode.swift; path = TabBarViewController.swift; sourceTree = "<group>"; };
		F1285D612B16128100CCDCB9 /* ArticlesViewController.swift */ = {isa = PBXFileReference; lastKnownFileType = sourcecode.swift; path = ArticlesViewController.swift; sourceTree = "<group>"; };
		F1285D632B1615F100CCDCB9 /* ForYouTodayCollectionViewCell.swift */ = {isa = PBXFileReference; lastKnownFileType = sourcecode.swift; path = ForYouTodayCollectionViewCell.swift; sourceTree = "<group>"; };
		F1285D652B16186C00CCDCB9 /* NewestCollectionViewCell.swift */ = {isa = PBXFileReference; lastKnownFileType = sourcecode.swift; path = NewestCollectionViewCell.swift; sourceTree = "<group>"; };
		F1285D672B161F3100CCDCB9 /* NewsViewController.swift */ = {isa = PBXFileReference; lastKnownFileType = sourcecode.swift; path = NewsViewController.swift; sourceTree = "<group>"; };
		F1285D692B16210F00CCDCB9 /* BreakCollectionViewCell.swift */ = {isa = PBXFileReference; lastKnownFileType = sourcecode.swift; path = BreakCollectionViewCell.swift; sourceTree = "<group>"; };
		F1285D6B2B1625CE00CCDCB9 /* NewsApi.swift */ = {isa = PBXFileReference; fileEncoding = 4; lastKnownFileType = sourcecode.swift; path = NewsApi.swift; sourceTree = "<group>"; };
		F1285D6C2B1625CE00CCDCB9 /* NewsModel.swift */ = {isa = PBXFileReference; fileEncoding = 4; lastKnownFileType = sourcecode.swift; path = NewsModel.swift; sourceTree = "<group>"; };
		F1285D6F2B16268000CCDCB9 /* LatestCollectionViewCell.swift */ = {isa = PBXFileReference; lastKnownFileType = sourcecode.swift; path = LatestCollectionViewCell.swift; sourceTree = "<group>"; };
		F1285D762B16390100CCDCB9 /* NewsPageViewController.swift */ = {isa = PBXFileReference; lastKnownFileType = sourcecode.swift; path = NewsPageViewController.swift; sourceTree = "<group>"; };
		F1285D782B16391D00CCDCB9 /* NewsPageTableViewCell.swift */ = {isa = PBXFileReference; lastKnownFileType = sourcecode.swift; path = NewsPageTableViewCell.swift; sourceTree = "<group>"; };
		F1285D7C2B16431800CCDCB9 /* SettingsViewController.swift */ = {isa = PBXFileReference; lastKnownFileType = sourcecode.swift; path = SettingsViewController.swift; sourceTree = "<group>"; };
		F1285DA62B1648D200CCDCB9 /* BigMacViewController.swift */ = {isa = PBXFileReference; fileEncoding = 4; lastKnownFileType = sourcecode.swift; path = BigMacViewController.swift; sourceTree = "<group>"; };
		F1285DA72B1648D200CCDCB9 /* AppStoreKelLok.swift */ = {isa = PBXFileReference; fileEncoding = 4; lastKnownFileType = sourcecode.swift; path = AppStoreKelLok.swift; sourceTree = "<group>"; };
		F1285DA82B1648D200CCDCB9 /* HamburgerSetup.swift */ = {isa = PBXFileReference; fileEncoding = 4; lastKnownFileType = sourcecode.swift; path = HamburgerSetup.swift; sourceTree = "<group>"; };
		F1285DA92B1648D200CCDCB9 /* ProgressBurgerViewController.swift */ = {isa = PBXFileReference; fileEncoding = 4; lastKnownFileType = sourcecode.swift; path = ProgressBurgerViewController.swift; sourceTree = "<group>"; };
		F1285E0B2B164B5500CCDCB9 /* GoogleService-Info.plist */ = {isa = PBXFileReference; fileEncoding = 4; lastKnownFileType = text.plist.xml; path = "GoogleService-Info.plist"; sourceTree = "<group>"; };
/* End PBXFileReference section */

/* Begin PBXFrameworksBuildPhase section */
		F1285CFF2B14775D00CCDCB9 /* Frameworks */ = {
			isa = PBXFrameworksBuildPhase;
			buildActionMask = 2147483647;
			files = (
				F1285D752B162C8B00CCDCB9 /* SDWebImageMapKit in Frameworks */,
				F1285DE32B164A5800CCDCB9 /* FirebaseAnalyticsOnDeviceConversion in Frameworks */,
				F1285DF52B164AEA00CCDCB9 /* FirebaseAnalytics in Frameworks */,
				F1285DC12B16499A00CCDCB9 /* FirebaseAppCheck in Frameworks */,
				F1285DA32B1648C900CCDCB9 /* FirebaseAnalyticsWithoutAdIdSupport in Frameworks */,
				F1285DF32B164A7200CCDCB9 /* FirebaseAppCheck in Frameworks */,
				F1285DEF2B164A7200CCDCB9 /* FirebaseAnalyticsSwift in Frameworks */,
				F1285DE92B164A5800CCDCB9 /* FirebaseAppCheck in Frameworks */,
				F1285DF12B164A7200CCDCB9 /* FirebaseAnalyticsWithoutAdIdSupport in Frameworks */,
				F1285DF92B164AEA00CCDCB9 /* FirebaseAnalyticsSwift in Frameworks */,
				F1285DE52B164A5800CCDCB9 /* FirebaseAnalyticsSwift in Frameworks */,
				F1285DAF2B16497B00CCDCB9 /* FirebaseAnalytics in Frameworks */,
				F1285DC92B1649EE00CCDCB9 /* FirebaseAnalyticsWithoutAdIdSupport in Frameworks */,
				F1285DE72B164A5800CCDCB9 /* FirebaseAnalyticsWithoutAdIdSupport in Frameworks */,
				F1285DC72B1649EE00CCDCB9 /* FirebaseAnalyticsSwift in Frameworks */,
				F1285DBB2B16499A00CCDCB9 /* FirebaseAnalyticsOnDeviceConversion in Frameworks */,
				F1285DCF2B164A1300CCDCB9 /* FirebaseAnalyticsOnDeviceConversion in Frameworks */,
				F1285E012B164B0F00CCDCB9 /* FirebaseAnalyticsOnDeviceConversion in Frameworks */,
				F1285D732B162C8B00CCDCB9 /* SDWebImage in Frameworks */,
				F1285DB92B16499A00CCDCB9 /* FirebaseAnalytics in Frameworks */,
				F1285DB72B16497B00CCDCB9 /* FirebaseAppCheck in Frameworks */,
				F1285DCB2B1649EE00CCDCB9 /* FirebaseAppCheck in Frameworks */,
				F1285DED2B164A7200CCDCB9 /* FirebaseAnalyticsOnDeviceConversion in Frameworks */,
				F1285DCD2B164A1300CCDCB9 /* FirebaseAnalytics in Frameworks */,
				F1285DD92B164A2400CCDCB9 /* FirebaseAnalyticsOnDeviceConversion in Frameworks */,
				F1285DD32B164A1300CCDCB9 /* FirebaseAnalyticsWithoutAdIdSupport in Frameworks */,
				F1285DD72B164A2400CCDCB9 /* FirebaseAnalytics in Frameworks */,
				F1285DFF2B164B0F00CCDCB9 /* FirebaseAnalytics in Frameworks */,
				F1285DDF2B164A2400CCDCB9 /* FirebaseAppCheck in Frameworks */,
				F1285DE12B164A5800CCDCB9 /* FirebaseAnalytics in Frameworks */,
				F1285DDD2B164A2400CCDCB9 /* FirebaseAnalyticsWithoutAdIdSupport in Frameworks */,
				F1285DC32B1649EE00CCDCB9 /* FirebaseAnalytics in Frameworks */,
				F1285DBF2B16499A00CCDCB9 /* FirebaseAnalyticsWithoutAdIdSupport in Frameworks */,
				F1285DB52B16497B00CCDCB9 /* FirebaseAnalyticsWithoutAdIdSupport in Frameworks */,
				F1285DB32B16497B00CCDCB9 /* FirebaseAnalyticsSwift in Frameworks */,
				F1285DBD2B16499A00CCDCB9 /* FirebaseAnalyticsSwift in Frameworks */,
				F1285DC52B1649EE00CCDCB9 /* FirebaseAnalyticsOnDeviceConversion in Frameworks */,
				F1285DD12B164A1300CCDCB9 /* FirebaseAnalyticsSwift in Frameworks */,
				F1285DFD2B164AEA00CCDCB9 /* FirebaseAppCheck in Frameworks */,
				F1285DF72B164AEA00CCDCB9 /* FirebaseAnalyticsOnDeviceConversion in Frameworks */,
				F1285E072B164B0F00CCDCB9 /* FirebaseAppCheck in Frameworks */,
				F1285DB12B16497B00CCDCB9 /* FirebaseAnalyticsOnDeviceConversion in Frameworks */,
				F1285DDB2B164A2400CCDCB9 /* FirebaseAnalyticsSwift in Frameworks */,
				F1285DFB2B164AEA00CCDCB9 /* FirebaseAnalyticsWithoutAdIdSupport in Frameworks */,
				F1285E0A2B164B3C00CCDCB9 /* FirebaseFirestore in Frameworks */,
				F1285E052B164B0F00CCDCB9 /* FirebaseAnalyticsWithoutAdIdSupport in Frameworks */,
				F1285D9D2B1648C900CCDCB9 /* FirebaseAnalytics in Frameworks */,
				F1285E032B164B0F00CCDCB9 /* FirebaseAnalyticsSwift in Frameworks */,
				F1285DA52B1648C900CCDCB9 /* FirebaseAppCheck in Frameworks */,
				F1285D9F2B1648C900CCDCB9 /* FirebaseAnalyticsOnDeviceConversion in Frameworks */,
				F1285DD52B164A1300CCDCB9 /* FirebaseAppCheck in Frameworks */,
				F1285DEB2B164A7200CCDCB9 /* FirebaseAnalytics in Frameworks */,
				F1285DA12B1648C900CCDCB9 /* FirebaseAnalyticsSwift in Frameworks */,
			);
			runOnlyForDeploymentPostprocessing = 0;
		};
/* End PBXFrameworksBuildPhase section */

/* Begin PBXGroup section */
		F1285CF92B14775D00CCDCB9 = {
			isa = PBXGroup;
			children = (
				F1285D042B14775D00CCDCB9 /* PocketOption */,
				F1285D032B14775D00CCDCB9 /* Products */,
				F1285E082B164B3C00CCDCB9 /* Frameworks */,
			);
			sourceTree = "<group>";
		};
		F1285D032B14775D00CCDCB9 /* Products */ = {
			isa = PBXGroup;
			children = (
				F1285D022B14775D00CCDCB9 /* PocketOption.app */,
			);
			name = Products;
			sourceTree = "<group>";
		};
		F1285D042B14775D00CCDCB9 /* PocketOption */ = {
			isa = PBXGroup;
			children = (
				F1285D192B147A3000CCDCB9 /* nunitosans */,
				F1285D052B14775D00CCDCB9 /* AppDelegate.swift */,
				F1285D072B14775D00CCDCB9 /* SceneDelegate.swift */,
				F1285D0E2B14775E00CCDCB9 /* Assets.xcassets */,
				F1285D132B14775E00CCDCB9 /* Info.plist */,
				F1285E0B2B164B5500CCDCB9 /* GoogleService-Info.plist */,
				F1285D102B14775E00CCDCB9 /* LaunchScreen.storyboard */,
				F1285D382B147ABE00CCDCB9 /* FAQViewController.swift */,
				F1285D3A2B147ACB00CCDCB9 /* FAQList.swift */,
				F1285D3E2B14855E00CCDCB9 /* TestViewController.swift */,
				F1285D422B1490A600CCDCB9 /* QuizTestViewController.swift */,
				F1285D442B14911500CCDCB9 /* QuizTestTableViewCell.swift */,
				F1285D462B14914800CCDCB9 /* Binance.swift */,
				F1285D482B14916600CCDCB9 /* TestBinance.swift */,
				F1285D532B15AF2500CCDCB9 /* Burger.swift */,
				F1285D552B15B0CA00CCDCB9 /* ResultViewController.swift */,
				F1285D572B15B4AD00CCDCB9 /* AgressiveViewController.swift */,
				F1285D592B15D49900CCDCB9 /* ChartsViewController.swift */,
				F1285D5B2B15D83200CCDCB9 /* ChartsCollectionViewCell.swift */,
				F1285D5F2B160A5500CCDCB9 /* TabBarViewController.swift */,
				F1285D612B16128100CCDCB9 /* ArticlesViewController.swift */,
				F1285D632B1615F100CCDCB9 /* ForYouTodayCollectionViewCell.swift */,
				F1285D652B16186C00CCDCB9 /* NewestCollectionViewCell.swift */,
				F1285D6B2B1625CE00CCDCB9 /* NewsApi.swift */,
				F1285D6C2B1625CE00CCDCB9 /* NewsModel.swift */,
				F1285D672B161F3100CCDCB9 /* NewsViewController.swift */,
				F1285D692B16210F00CCDCB9 /* BreakCollectionViewCell.swift */,
				F1285D6F2B16268000CCDCB9 /* LatestCollectionViewCell.swift */,
				F1285D762B16390100CCDCB9 /* NewsPageViewController.swift */,
				F1285D782B16391D00CCDCB9 /* NewsPageTableViewCell.swift */,
				F1285D7C2B16431800CCDCB9 /* SettingsViewController.swift */,
				F1285DA82B1648D200CCDCB9 /* HamburgerSetup.swift */,
				F1285DA72B1648D200CCDCB9 /* AppStoreKelLok.swift */,
				F1285DA92B1648D200CCDCB9 /* ProgressBurgerViewController.swift */,
				F1285DA62B1648D200CCDCB9 /* BigMacViewController.swift */,
			);
			path = PocketOption;
			sourceTree = "<group>";
		};
		F1285D192B147A3000CCDCB9 /* nunitosans */ = {
			isa = PBXGroup;
			children = (
				F1285D1A2B147A3000CCDCB9 /* NunitoSans-LightItalic.ttf */,
				F1285D1B2B147A3000CCDCB9 /* NunitoSans-BoldItalic.ttf */,
				F1285D1C2B147A3000CCDCB9 /* NunitoSans-ExtraLight.ttf */,
				F1285D1D2B147A3000CCDCB9 /* NunitoSans-Light.ttf */,
				F1285D1E2B147A3000CCDCB9 /* NunitoSans-BlackItalic.ttf */,
				F1285D1F2B147A3000CCDCB9 /* NunitoSans-ExtraBold.ttf */,
				F1285D202B147A3000CCDCB9 /* NunitoSans-Regular.ttf */,
				F1285D212B147A3000CCDCB9 /* NunitoSans-SemiBoldItalic.ttf */,
				F1285D222B147A3000CCDCB9 /* NunitoSans-Italic.ttf */,
				F1285D232B147A3000CCDCB9 /* OFL.txt */,
				F1285D242B147A3000CCDCB9 /* NunitoSans-Bold.ttf */,
				F1285D252B147A3000CCDCB9 /* NunitoSans-SemiBold.ttf */,
				F1285D262B147A3000CCDCB9 /* NunitoSans-Black.ttf */,
				F1285D272B147A3000CCDCB9 /* NunitoSans-ExtraBoldItalic.ttf */,
				F1285D282B147A3000CCDCB9 /* NunitoSans-ExtraLightItalic.ttf */,
			);
			path = nunitosans;
			sourceTree = "<group>";
		};
		F1285E082B164B3C00CCDCB9 /* Frameworks */ = {
			isa = PBXGroup;
			children = (
			);
			name = Frameworks;
			sourceTree = "<group>";
		};
/* End PBXGroup section */

/* Begin PBXNativeTarget section */
		F1285D012B14775D00CCDCB9 /* PocketOption */ = {
			isa = PBXNativeTarget;
			buildConfigurationList = F1285D162B14775E00CCDCB9 /* Build configuration list for PBXNativeTarget "PocketOption" */;
			buildPhases = (
				F1285CFE2B14775D00CCDCB9 /* Sources */,
				F1285CFF2B14775D00CCDCB9 /* Frameworks */,
				F1285D002B14775D00CCDCB9 /* Resources */,
			);
			buildRules = (
			);
			dependencies = (
			);
			name = PocketOption;
			packageProductDependencies = (
				F1285D722B162C8B00CCDCB9 /* SDWebImage */,
				F1285D742B162C8B00CCDCB9 /* SDWebImageMapKit */,
				F1285D9C2B1648C900CCDCB9 /* FirebaseAnalytics */,
				F1285D9E2B1648C900CCDCB9 /* FirebaseAnalyticsOnDeviceConversion */,
				F1285DA02B1648C900CCDCB9 /* FirebaseAnalyticsSwift */,
				F1285DA22B1648C900CCDCB9 /* FirebaseAnalyticsWithoutAdIdSupport */,
				F1285DA42B1648C900CCDCB9 /* FirebaseAppCheck */,
				F1285DAE2B16497B00CCDCB9 /* FirebaseAnalytics */,
				F1285DB02B16497B00CCDCB9 /* FirebaseAnalyticsOnDeviceConversion */,
				F1285DB22B16497B00CCDCB9 /* FirebaseAnalyticsSwift */,
				F1285DB42B16497B00CCDCB9 /* FirebaseAnalyticsWithoutAdIdSupport */,
				F1285DB62B16497B00CCDCB9 /* FirebaseAppCheck */,
				F1285DB82B16499A00CCDCB9 /* FirebaseAnalytics */,
				F1285DBA2B16499A00CCDCB9 /* FirebaseAnalyticsOnDeviceConversion */,
				F1285DBC2B16499A00CCDCB9 /* FirebaseAnalyticsSwift */,
				F1285DBE2B16499A00CCDCB9 /* FirebaseAnalyticsWithoutAdIdSupport */,
				F1285DC02B16499A00CCDCB9 /* FirebaseAppCheck */,
				F1285DC22B1649EE00CCDCB9 /* FirebaseAnalytics */,
				F1285DC42B1649EE00CCDCB9 /* FirebaseAnalyticsOnDeviceConversion */,
				F1285DC62B1649EE00CCDCB9 /* FirebaseAnalyticsSwift */,
				F1285DC82B1649EE00CCDCB9 /* FirebaseAnalyticsWithoutAdIdSupport */,
				F1285DCA2B1649EE00CCDCB9 /* FirebaseAppCheck */,
				F1285DCC2B164A1300CCDCB9 /* FirebaseAnalytics */,
				F1285DCE2B164A1300CCDCB9 /* FirebaseAnalyticsOnDeviceConversion */,
				F1285DD02B164A1300CCDCB9 /* FirebaseAnalyticsSwift */,
				F1285DD22B164A1300CCDCB9 /* FirebaseAnalyticsWithoutAdIdSupport */,
				F1285DD42B164A1300CCDCB9 /* FirebaseAppCheck */,
				F1285DD62B164A2400CCDCB9 /* FirebaseAnalytics */,
				F1285DD82B164A2400CCDCB9 /* FirebaseAnalyticsOnDeviceConversion */,
				F1285DDA2B164A2400CCDCB9 /* FirebaseAnalyticsSwift */,
				F1285DDC2B164A2400CCDCB9 /* FirebaseAnalyticsWithoutAdIdSupport */,
				F1285DDE2B164A2400CCDCB9 /* FirebaseAppCheck */,
				F1285DE02B164A5800CCDCB9 /* FirebaseAnalytics */,
				F1285DE22B164A5800CCDCB9 /* FirebaseAnalyticsOnDeviceConversion */,
				F1285DE42B164A5800CCDCB9 /* FirebaseAnalyticsSwift */,
				F1285DE62B164A5800CCDCB9 /* FirebaseAnalyticsWithoutAdIdSupport */,
				F1285DE82B164A5800CCDCB9 /* FirebaseAppCheck */,
				F1285DEA2B164A7200CCDCB9 /* FirebaseAnalytics */,
				F1285DEC2B164A7200CCDCB9 /* FirebaseAnalyticsOnDeviceConversion */,
				F1285DEE2B164A7200CCDCB9 /* FirebaseAnalyticsSwift */,
				F1285DF02B164A7200CCDCB9 /* FirebaseAnalyticsWithoutAdIdSupport */,
				F1285DF22B164A7200CCDCB9 /* FirebaseAppCheck */,
				F1285DF42B164AEA00CCDCB9 /* FirebaseAnalytics */,
				F1285DF62B164AEA00CCDCB9 /* FirebaseAnalyticsOnDeviceConversion */,
				F1285DF82B164AEA00CCDCB9 /* FirebaseAnalyticsSwift */,
				F1285DFA2B164AEA00CCDCB9 /* FirebaseAnalyticsWithoutAdIdSupport */,
				F1285DFC2B164AEA00CCDCB9 /* FirebaseAppCheck */,
				F1285DFE2B164B0F00CCDCB9 /* FirebaseAnalytics */,
				F1285E002B164B0F00CCDCB9 /* FirebaseAnalyticsOnDeviceConversion */,
				F1285E022B164B0F00CCDCB9 /* FirebaseAnalyticsSwift */,
				F1285E042B164B0F00CCDCB9 /* FirebaseAnalyticsWithoutAdIdSupport */,
				F1285E062B164B0F00CCDCB9 /* FirebaseAppCheck */,
				F1285E092B164B3C00CCDCB9 /* FirebaseFirestore */,
			);
			productName = PocketOption;
			productReference = F1285D022B14775D00CCDCB9 /* PocketOption.app */;
			productType = "com.apple.product-type.application";
		};
/* End PBXNativeTarget section */

/* Begin PBXProject section */
		F1285CFA2B14775D00CCDCB9 /* Project object */ = {
			isa = PBXProject;
			attributes = {
				BuildIndependentTargetsInParallel = 1;
				LastSwiftUpdateCheck = 1500;
				LastUpgradeCheck = 1500;
				TargetAttributes = {
					F1285D012B14775D00CCDCB9 = {
						CreatedOnToolsVersion = 15.0.1;
					};
				};
			};
			buildConfigurationList = F1285CFD2B14775D00CCDCB9 /* Build configuration list for PBXProject "PocketOption" */;
			compatibilityVersion = "Xcode 14.0";
			developmentRegion = en;
			hasScannedForEncodings = 0;
			knownRegions = (
				en,
				Base,
			);
			mainGroup = F1285CF92B14775D00CCDCB9;
			packageReferences = (
				F1285D712B162C8B00CCDCB9 /* XCRemoteSwiftPackageReference "SDWebImage" */,
				F1285D9B2B1648C900CCDCB9 /* XCRemoteSwiftPackageReference "firebase-ios-sdk" */,
			);
			productRefGroup = F1285D032B14775D00CCDCB9 /* Products */;
			projectDirPath = "";
			projectRoot = "";
			targets = (
				F1285D012B14775D00CCDCB9 /* PocketOption */,
			);
		};
/* End PBXProject section */

/* Begin PBXResourcesBuildPhase section */
		F1285D002B14775D00CCDCB9 /* Resources */ = {
			isa = PBXResourcesBuildPhase;
			buildActionMask = 2147483647;
			files = (
				F1285D312B147A3000CCDCB9 /* NunitoSans-Italic.ttf in Resources */,
				F1285D2E2B147A3000CCDCB9 /* NunitoSans-ExtraBold.ttf in Resources */,
				F1285D122B14775E00CCDCB9 /* LaunchScreen.storyboard in Resources */,
				F1285D332B147A3000CCDCB9 /* NunitoSans-Bold.ttf in Resources */,
				F1285D362B147A3000CCDCB9 /* NunitoSans-ExtraBoldItalic.ttf in Resources */,
				F1285D2B2B147A3000CCDCB9 /* NunitoSans-ExtraLight.ttf in Resources */,
				F1285D302B147A3000CCDCB9 /* NunitoSans-SemiBoldItalic.ttf in Resources */,
				F1285D292B147A3000CCDCB9 /* NunitoSans-LightItalic.ttf in Resources */,
				F1285D322B147A3000CCDCB9 /* OFL.txt in Resources */,
				F1285D2C2B147A3000CCDCB9 /* NunitoSans-Light.ttf in Resources */,
				F1285D352B147A3000CCDCB9 /* NunitoSans-Black.ttf in Resources */,
				F1285E0C2B164B5500CCDCB9 /* GoogleService-Info.plist in Resources */,
				F1285D0F2B14775E00CCDCB9 /* Assets.xcassets in Resources */,
				F1285D2A2B147A3000CCDCB9 /* NunitoSans-BoldItalic.ttf in Resources */,
				F1285D2F2B147A3000CCDCB9 /* NunitoSans-Regular.ttf in Resources */,
				F1285D2D2B147A3000CCDCB9 /* NunitoSans-BlackItalic.ttf in Resources */,
				F1285D372B147A3000CCDCB9 /* NunitoSans-ExtraLightItalic.ttf in Resources */,
				F1285D342B147A3000CCDCB9 /* NunitoSans-SemiBold.ttf in Resources */,
			);
			runOnlyForDeploymentPostprocessing = 0;
		};
/* End PBXResourcesBuildPhase section */

/* Begin PBXSourcesBuildPhase section */
		F1285CFE2B14775D00CCDCB9 /* Sources */ = {
			isa = PBXSourcesBuildPhase;
			buildActionMask = 2147483647;
			files = (
				F1285D5A2B15D49900CCDCB9 /* ChartsViewController.swift in Sources */,
				F1285D582B15B4AD00CCDCB9 /* AgressiveViewController.swift in Sources */,
				F1285D492B14916600CCDCB9 /* TestBinance.swift in Sources */,
				F1285D542B15AF2500CCDCB9 /* Burger.swift in Sources */,
				F1285D3F2B14855E00CCDCB9 /* TestViewController.swift in Sources */,
				F1285D472B14914800CCDCB9 /* Binance.swift in Sources */,
				F1285DAC2B1648D200CCDCB9 /* HamburgerSetup.swift in Sources */,
				F1285D6E2B1625CE00CCDCB9 /* NewsModel.swift in Sources */,
				F1285D642B1615F100CCDCB9 /* ForYouTodayCollectionViewCell.swift in Sources */,
				F1285D682B161F3100CCDCB9 /* NewsViewController.swift in Sources */,
				F1285D392B147ABE00CCDCB9 /* FAQViewController.swift in Sources */,
				F1285D5C2B15D83200CCDCB9 /* ChartsCollectionViewCell.swift in Sources */,
				F1285D3B2B147ACB00CCDCB9 /* FAQList.swift in Sources */,
				F1285D702B16268000CCDCB9 /* LatestCollectionViewCell.swift in Sources */,
				F1285D432B1490A600CCDCB9 /* QuizTestViewController.swift in Sources */,
				F1285DAB2B1648D200CCDCB9 /* AppStoreKelLok.swift in Sources */,
				F1285D6A2B16210F00CCDCB9 /* BreakCollectionViewCell.swift in Sources */,
				F1285DAD2B1648D200CCDCB9 /* ProgressBurgerViewController.swift in Sources */,
				F1285D6D2B1625CE00CCDCB9 /* NewsApi.swift in Sources */,
				F1285D772B16390100CCDCB9 /* NewsPageViewController.swift in Sources */,
				F1285DAA2B1648D200CCDCB9 /* BigMacViewController.swift in Sources */,
				F1285D452B14911500CCDCB9 /* QuizTestTableViewCell.swift in Sources */,
				F1285D062B14775D00CCDCB9 /* AppDelegate.swift in Sources */,
				F1285D082B14775D00CCDCB9 /* SceneDelegate.swift in Sources */,
				F1285D622B16128100CCDCB9 /* ArticlesViewController.swift in Sources */,
				F1285D602B160A5500CCDCB9 /* TabBarViewController.swift in Sources */,
				F1285D662B16186C00CCDCB9 /* NewestCollectionViewCell.swift in Sources */,
				F1285D7D2B16431800CCDCB9 /* SettingsViewController.swift in Sources */,
				F1285D792B16391D00CCDCB9 /* NewsPageTableViewCell.swift in Sources */,
				F1285D562B15B0CA00CCDCB9 /* ResultViewController.swift in Sources */,
			);
			runOnlyForDeploymentPostprocessing = 0;
		};
/* End PBXSourcesBuildPhase section */

/* Begin PBXVariantGroup section */
		F1285D102B14775E00CCDCB9 /* LaunchScreen.storyboard */ = {
			isa = PBXVariantGroup;
			children = (
				F1285D112B14775E00CCDCB9 /* Base */,
			);
			name = LaunchScreen.storyboard;
			sourceTree = "<group>";
		};
/* End PBXVariantGroup section */

/* Begin XCBuildConfiguration section */
		F1285D142B14775E00CCDCB9 /* Debug */ = {
			isa = XCBuildConfiguration;
			buildSettings = {
				ALWAYS_SEARCH_USER_PATHS = NO;
				ASSETCATALOG_COMPILER_GENERATE_SWIFT_ASSET_SYMBOL_EXTENSIONS = YES;
				CLANG_ANALYZER_NONNULL = YES;
				CLANG_ANALYZER_NUMBER_OBJECT_CONVERSION = YES_AGGRESSIVE;
				CLANG_CXX_LANGUAGE_STANDARD = "gnu++20";
				CLANG_ENABLE_MODULES = YES;
				CLANG_ENABLE_OBJC_ARC = YES;
				CLANG_ENABLE_OBJC_WEAK = YES;
				CLANG_WARN_BLOCK_CAPTURE_AUTORELEASING = YES;
				CLANG_WARN_BOOL_CONVERSION = YES;
				CLANG_WARN_COMMA = YES;
				CLANG_WARN_CONSTANT_CONVERSION = YES;
				CLANG_WARN_DEPRECATED_OBJC_IMPLEMENTATIONS = YES;
				CLANG_WARN_DIRECT_OBJC_ISA_USAGE = YES_ERROR;
				CLANG_WARN_DOCUMENTATION_COMMENTS = YES;
				CLANG_WARN_EMPTY_BODY = YES;
				CLANG_WARN_ENUM_CONVERSION = YES;
				CLANG_WARN_INFINITE_RECURSION = YES;
				CLANG_WARN_INT_CONVERSION = YES;
				CLANG_WARN_NON_LITERAL_NULL_CONVERSION = YES;
				CLANG_WARN_OBJC_IMPLICIT_RETAIN_SELF = YES;
				CLANG_WARN_OBJC_LITERAL_CONVERSION = YES;
				CLANG_WARN_OBJC_ROOT_CLASS = YES_ERROR;
				CLANG_WARN_QUOTED_INCLUDE_IN_FRAMEWORK_HEADER = YES;
				CLANG_WARN_RANGE_LOOP_ANALYSIS = YES;
				CLANG_WARN_STRICT_PROTOTYPES = YES;
				CLANG_WARN_SUSPICIOUS_MOVE = YES;
				CLANG_WARN_UNGUARDED_AVAILABILITY = YES_AGGRESSIVE;
				CLANG_WARN_UNREACHABLE_CODE = YES;
				CLANG_WARN__DUPLICATE_METHOD_MATCH = YES;
				COPY_PHASE_STRIP = NO;
				DEBUG_INFORMATION_FORMAT = dwarf;
				ENABLE_STRICT_OBJC_MSGSEND = YES;
				ENABLE_TESTABILITY = YES;
				ENABLE_USER_SCRIPT_SANDBOXING = YES;
				GCC_C_LANGUAGE_STANDARD = gnu17;
				GCC_DYNAMIC_NO_PIC = NO;
				GCC_NO_COMMON_BLOCKS = YES;
				GCC_OPTIMIZATION_LEVEL = 0;
				GCC_PREPROCESSOR_DEFINITIONS = (
					"DEBUG=1",
					"$(inherited)",
				);
				GCC_WARN_64_TO_32_BIT_CONVERSION = YES;
				GCC_WARN_ABOUT_RETURN_TYPE = YES_ERROR;
				GCC_WARN_UNDECLARED_SELECTOR = YES;
				GCC_WARN_UNINITIALIZED_AUTOS = YES_AGGRESSIVE;
				GCC_WARN_UNUSED_FUNCTION = YES;
				GCC_WARN_UNUSED_VARIABLE = YES;
				IPHONEOS_DEPLOYMENT_TARGET = 17.0;
				LOCALIZATION_PREFERS_STRING_CATALOGS = YES;
				MTL_ENABLE_DEBUG_INFO = INCLUDE_SOURCE;
				MTL_FAST_MATH = YES;
				ONLY_ACTIVE_ARCH = YES;
				SDKROOT = iphoneos;
				SWIFT_ACTIVE_COMPILATION_CONDITIONS = "DEBUG $(inherited)";
				SWIFT_OPTIMIZATION_LEVEL = "-Onone";
			};
			name = Debug;
		};
		F1285D152B14775E00CCDCB9 /* Release */ = {
			isa = XCBuildConfiguration;
			buildSettings = {
				ALWAYS_SEARCH_USER_PATHS = NO;
				ASSETCATALOG_COMPILER_GENERATE_SWIFT_ASSET_SYMBOL_EXTENSIONS = YES;
				CLANG_ANALYZER_NONNULL = YES;
				CLANG_ANALYZER_NUMBER_OBJECT_CONVERSION = YES_AGGRESSIVE;
				CLANG_CXX_LANGUAGE_STANDARD = "gnu++20";
				CLANG_ENABLE_MODULES = YES;
				CLANG_ENABLE_OBJC_ARC = YES;
				CLANG_ENABLE_OBJC_WEAK = YES;
				CLANG_WARN_BLOCK_CAPTURE_AUTORELEASING = YES;
				CLANG_WARN_BOOL_CONVERSION = YES;
				CLANG_WARN_COMMA = YES;
				CLANG_WARN_CONSTANT_CONVERSION = YES;
				CLANG_WARN_DEPRECATED_OBJC_IMPLEMENTATIONS = YES;
				CLANG_WARN_DIRECT_OBJC_ISA_USAGE = YES_ERROR;
				CLANG_WARN_DOCUMENTATION_COMMENTS = YES;
				CLANG_WARN_EMPTY_BODY = YES;
				CLANG_WARN_ENUM_CONVERSION = YES;
				CLANG_WARN_INFINITE_RECURSION = YES;
				CLANG_WARN_INT_CONVERSION = YES;
				CLANG_WARN_NON_LITERAL_NULL_CONVERSION = YES;
				CLANG_WARN_OBJC_IMPLICIT_RETAIN_SELF = YES;
				CLANG_WARN_OBJC_LITERAL_CONVERSION = YES;
				CLANG_WARN_OBJC_ROOT_CLASS = YES_ERROR;
				CLANG_WARN_QUOTED_INCLUDE_IN_FRAMEWORK_HEADER = YES;
				CLANG_WARN_RANGE_LOOP_ANALYSIS = YES;
				CLANG_WARN_STRICT_PROTOTYPES = YES;
				CLANG_WARN_SUSPICIOUS_MOVE = YES;
				CLANG_WARN_UNGUARDED_AVAILABILITY = YES_AGGRESSIVE;
				CLANG_WARN_UNREACHABLE_CODE = YES;
				CLANG_WARN__DUPLICATE_METHOD_MATCH = YES;
				COPY_PHASE_STRIP = NO;
				DEBUG_INFORMATION_FORMAT = "dwarf-with-dsym";
				ENABLE_NS_ASSERTIONS = NO;
				ENABLE_STRICT_OBJC_MSGSEND = YES;
				ENABLE_USER_SCRIPT_SANDBOXING = YES;
				GCC_C_LANGUAGE_STANDARD = gnu17;
				GCC_NO_COMMON_BLOCKS = YES;
				GCC_WARN_64_TO_32_BIT_CONVERSION = YES;
				GCC_WARN_ABOUT_RETURN_TYPE = YES_ERROR;
				GCC_WARN_UNDECLARED_SELECTOR = YES;
				GCC_WARN_UNINITIALIZED_AUTOS = YES_AGGRESSIVE;
				GCC_WARN_UNUSED_FUNCTION = YES;
				GCC_WARN_UNUSED_VARIABLE = YES;
				IPHONEOS_DEPLOYMENT_TARGET = 17.0;
				LOCALIZATION_PREFERS_STRING_CATALOGS = YES;
				MTL_ENABLE_DEBUG_INFO = NO;
				MTL_FAST_MATH = YES;
				SDKROOT = iphoneos;
				SWIFT_COMPILATION_MODE = wholemodule;
				VALIDATE_PRODUCT = YES;
			};
			name = Release;
		};
		F1285D172B14775E00CCDCB9 /* Debug */ = {
			isa = XCBuildConfiguration;
			buildSettings = {
				ASSETCATALOG_COMPILER_APPICON_NAME = AppIcon;
				ASSETCATALOG_COMPILER_GLOBAL_ACCENT_COLOR_NAME = AccentColor;
				CODE_SIGN_STYLE = Automatic;
				CURRENT_PROJECT_VERSION = 1;
				DEVELOPMENT_TEAM = 66V736J4F3;
				GENERATE_INFOPLIST_FILE = YES;
				INFOPLIST_FILE = PocketOption/Info.plist;
				INFOPLIST_KEY_UIApplicationSupportsIndirectInputEvents = YES;
				INFOPLIST_KEY_UILaunchStoryboardName = LaunchScreen;
				INFOPLIST_KEY_UISupportedInterfaceOrientations_iPad = "UIInterfaceOrientationPortrait UIInterfaceOrientationPortraitUpsideDown UIInterfaceOrientationLandscapeLeft UIInterfaceOrientationLandscapeRight";
				INFOPLIST_KEY_UISupportedInterfaceOrientations_iPhone = "UIInterfaceOrientationPortrait UIInterfaceOrientationLandscapeLeft UIInterfaceOrientationLandscapeRight";
				LD_RUNPATH_SEARCH_PATHS = (
					"$(inherited)",
					"@executable_path/Frameworks",
				);
				MARKETING_VERSION = 1.0;
				PRODUCT_BUNDLE_IDENTIFIER = com.example.PocketOptionFAQ;
				PRODUCT_NAME = "$(TARGET_NAME)";
				SWIFT_EMIT_LOC_STRINGS = YES;
				SWIFT_VERSION = 5.0;
				TARGETED_DEVICE_FAMILY = "1,2";
			};
			name = Debug;
		};
		F1285D182B14775E00CCDCB9 /* Release */ = {
			isa = XCBuildConfiguration;
			buildSettings = {
				ASSETCATALOG_COMPILER_APPICON_NAME = AppIcon;
				ASSETCATALOG_COMPILER_GLOBAL_ACCENT_COLOR_NAME = AccentColor;
				CODE_SIGN_STYLE = Automatic;
				CURRENT_PROJECT_VERSION = 1;
				DEVELOPMENT_TEAM = 66V736J4F3;
				GENERATE_INFOPLIST_FILE = YES;
				INFOPLIST_FILE = PocketOption/Info.plist;
				INFOPLIST_KEY_UIApplicationSupportsIndirectInputEvents = YES;
				INFOPLIST_KEY_UILaunchStoryboardName = LaunchScreen;
				INFOPLIST_KEY_UISupportedInterfaceOrientations_iPad = "UIInterfaceOrientationPortrait UIInterfaceOrientationPortraitUpsideDown UIInterfaceOrientationLandscapeLeft UIInterfaceOrientationLandscapeRight";
				INFOPLIST_KEY_UISupportedInterfaceOrientations_iPhone = "UIInterfaceOrientationPortrait UIInterfaceOrientationLandscapeLeft UIInterfaceOrientationLandscapeRight";
				LD_RUNPATH_SEARCH_PATHS = (
					"$(inherited)",
					"@executable_path/Frameworks",
				);
				MARKETING_VERSION = 1.0;
				PRODUCT_BUNDLE_IDENTIFIER = com.example.PocketOptionFAQ;
				PRODUCT_NAME = "$(TARGET_NAME)";
				SWIFT_EMIT_LOC_STRINGS = YES;
				SWIFT_VERSION = 5.0;
				TARGETED_DEVICE_FAMILY = "1,2";
			};
			name = Release;
		};
/* End XCBuildConfiguration section */

/* Begin XCConfigurationList section */
		F1285CFD2B14775D00CCDCB9 /* Build configuration list for PBXProject "PocketOption" */ = {
			isa = XCConfigurationList;
			buildConfigurations = (
				F1285D142B14775E00CCDCB9 /* Debug */,
				F1285D152B14775E00CCDCB9 /* Release */,
			);
			defaultConfigurationIsVisible = 0;
			defaultConfigurationName = Release;
		};
		F1285D162B14775E00CCDCB9 /* Build configuration list for PBXNativeTarget "PocketOption" */ = {
			isa = XCConfigurationList;
			buildConfigurations = (
				F1285D172B14775E00CCDCB9 /* Debug */,
				F1285D182B14775E00CCDCB9 /* Release */,
			);
			defaultConfigurationIsVisible = 0;
			defaultConfigurationName = Release;
		};
/* End XCConfigurationList section */

/* Begin XCRemoteSwiftPackageReference section */
		F1285D712B162C8B00CCDCB9 /* XCRemoteSwiftPackageReference "SDWebImage" */ = {
			isa = XCRemoteSwiftPackageReference;
			repositoryURL = "https://github.com/SDWebImage/SDWebImage.git";
			requirement = {
				kind = upToNextMajorVersion;
				minimumVersion = 5.18.5;
			};
		};
		F1285D9B2B1648C900CCDCB9 /* XCRemoteSwiftPackageReference "firebase-ios-sdk" */ = {
			isa = XCRemoteSwiftPackageReference;
			repositoryURL = "https://github.com/firebase/firebase-ios-sdk.git";
			requirement = {
				kind = upToNextMajorVersion;
				minimumVersion = 10.18.0;
			};
		};
/* End XCRemoteSwiftPackageReference section */

/* Begin XCSwiftPackageProductDependency section */
		F1285D722B162C8B00CCDCB9 /* SDWebImage */ = {
			isa = XCSwiftPackageProductDependency;
			package = F1285D712B162C8B00CCDCB9 /* XCRemoteSwiftPackageReference "SDWebImage" */;
			productName = SDWebImage;
		};
		F1285D742B162C8B00CCDCB9 /* SDWebImageMapKit */ = {
			isa = XCSwiftPackageProductDependency;
			package = F1285D712B162C8B00CCDCB9 /* XCRemoteSwiftPackageReference "SDWebImage" */;
			productName = SDWebImageMapKit;
		};
		F1285D9C2B1648C900CCDCB9 /* FirebaseAnalytics */ = {
			isa = XCSwiftPackageProductDependency;
			package = F1285D9B2B1648C900CCDCB9 /* XCRemoteSwiftPackageReference "firebase-ios-sdk" */;
			productName = FirebaseAnalytics;
		};
		F1285D9E2B1648C900CCDCB9 /* FirebaseAnalyticsOnDeviceConversion */ = {
			isa = XCSwiftPackageProductDependency;
			package = F1285D9B2B1648C900CCDCB9 /* XCRemoteSwiftPackageReference "firebase-ios-sdk" */;
			productName = FirebaseAnalyticsOnDeviceConversion;
		};
		F1285DA02B1648C900CCDCB9 /* FirebaseAnalyticsSwift */ = {
			isa = XCSwiftPackageProductDependency;
			package = F1285D9B2B1648C900CCDCB9 /* XCRemoteSwiftPackageReference "firebase-ios-sdk" */;
			productName = FirebaseAnalyticsSwift;
		};
		F1285DA22B1648C900CCDCB9 /* FirebaseAnalyticsWithoutAdIdSupport */ = {
			isa = XCSwiftPackageProductDependency;
			package = F1285D9B2B1648C900CCDCB9 /* XCRemoteSwiftPackageReference "firebase-ios-sdk" */;
			productName = FirebaseAnalyticsWithoutAdIdSupport;
		};
		F1285DA42B1648C900CCDCB9 /* FirebaseAppCheck */ = {
			isa = XCSwiftPackageProductDependency;
			package = F1285D9B2B1648C900CCDCB9 /* XCRemoteSwiftPackageReference "firebase-ios-sdk" */;
			productName = FirebaseAppCheck;
		};
		F1285DAE2B16497B00CCDCB9 /* FirebaseAnalytics */ = {
			isa = XCSwiftPackageProductDependency;
			package = F1285D9B2B1648C900CCDCB9 /* XCRemoteSwiftPackageReference "firebase-ios-sdk" */;
			productName = FirebaseAnalytics;
		};
		F1285DB02B16497B00CCDCB9 /* FirebaseAnalyticsOnDeviceConversion */ = {
			isa = XCSwiftPackageProductDependency;
			package = F1285D9B2B1648C900CCDCB9 /* XCRemoteSwiftPackageReference "firebase-ios-sdk" */;
			productName = FirebaseAnalyticsOnDeviceConversion;
		};
		F1285DB22B16497B00CCDCB9 /* FirebaseAnalyticsSwift */ = {
			isa = XCSwiftPackageProductDependency;
			package = F1285D9B2B1648C900CCDCB9 /* XCRemoteSwiftPackageReference "firebase-ios-sdk" */;
			productName = FirebaseAnalyticsSwift;
		};
		F1285DB42B16497B00CCDCB9 /* FirebaseAnalyticsWithoutAdIdSupport */ = {
			isa = XCSwiftPackageProductDependency;
			package = F1285D9B2B1648C900CCDCB9 /* XCRemoteSwiftPackageReference "firebase-ios-sdk" */;
			productName = FirebaseAnalyticsWithoutAdIdSupport;
		};
		F1285DB62B16497B00CCDCB9 /* FirebaseAppCheck */ = {
			isa = XCSwiftPackageProductDependency;
			package = F1285D9B2B1648C900CCDCB9 /* XCRemoteSwiftPackageReference "firebase-ios-sdk" */;
			productName = FirebaseAppCheck;
		};
		F1285DB82B16499A00CCDCB9 /* FirebaseAnalytics */ = {
			isa = XCSwiftPackageProductDependency;
			package = F1285D9B2B1648C900CCDCB9 /* XCRemoteSwiftPackageReference "firebase-ios-sdk" */;
			productName = FirebaseAnalytics;
		};
		F1285DBA2B16499A00CCDCB9 /* FirebaseAnalyticsOnDeviceConversion */ = {
			isa = XCSwiftPackageProductDependency;
			package = F1285D9B2B1648C900CCDCB9 /* XCRemoteSwiftPackageReference "firebase-ios-sdk" */;
			productName = FirebaseAnalyticsOnDeviceConversion;
		};
		F1285DBC2B16499A00CCDCB9 /* FirebaseAnalyticsSwift */ = {
			isa = XCSwiftPackageProductDependency;
			package = F1285D9B2B1648C900CCDCB9 /* XCRemoteSwiftPackageReference "firebase-ios-sdk" */;
			productName = FirebaseAnalyticsSwift;
		};
		F1285DBE2B16499A00CCDCB9 /* FirebaseAnalyticsWithoutAdIdSupport */ = {
			isa = XCSwiftPackageProductDependency;
			package = F1285D9B2B1648C900CCDCB9 /* XCRemoteSwiftPackageReference "firebase-ios-sdk" */;
			productName = FirebaseAnalyticsWithoutAdIdSupport;
		};
		F1285DC02B16499A00CCDCB9 /* FirebaseAppCheck */ = {
			isa = XCSwiftPackageProductDependency;
			package = F1285D9B2B1648C900CCDCB9 /* XCRemoteSwiftPackageReference "firebase-ios-sdk" */;
			productName = FirebaseAppCheck;
		};
		F1285DC22B1649EE00CCDCB9 /* FirebaseAnalytics */ = {
			isa = XCSwiftPackageProductDependency;
			package = F1285D9B2B1648C900CCDCB9 /* XCRemoteSwiftPackageReference "firebase-ios-sdk" */;
			productName = FirebaseAnalytics;
		};
		F1285DC42B1649EE00CCDCB9 /* FirebaseAnalyticsOnDeviceConversion */ = {
			isa = XCSwiftPackageProductDependency;
			package = F1285D9B2B1648C900CCDCB9 /* XCRemoteSwiftPackageReference "firebase-ios-sdk" */;
			productName = FirebaseAnalyticsOnDeviceConversion;
		};
		F1285DC62B1649EE00CCDCB9 /* FirebaseAnalyticsSwift */ = {
			isa = XCSwiftPackageProductDependency;
			package = F1285D9B2B1648C900CCDCB9 /* XCRemoteSwiftPackageReference "firebase-ios-sdk" */;
			productName = FirebaseAnalyticsSwift;
		};
		F1285DC82B1649EE00CCDCB9 /* FirebaseAnalyticsWithoutAdIdSupport */ = {
			isa = XCSwiftPackageProductDependency;
			package = F1285D9B2B1648C900CCDCB9 /* XCRemoteSwiftPackageReference "firebase-ios-sdk" */;
			productName = FirebaseAnalyticsWithoutAdIdSupport;
		};
		F1285DCA2B1649EE00CCDCB9 /* FirebaseAppCheck */ = {
			isa = XCSwiftPackageProductDependency;
			package = F1285D9B2B1648C900CCDCB9 /* XCRemoteSwiftPackageReference "firebase-ios-sdk" */;
			productName = FirebaseAppCheck;
		};
		F1285DCC2B164A1300CCDCB9 /* FirebaseAnalytics */ = {
			isa = XCSwiftPackageProductDependency;
			package = F1285D9B2B1648C900CCDCB9 /* XCRemoteSwiftPackageReference "firebase-ios-sdk" */;
			productName = FirebaseAnalytics;
		};
		F1285DCE2B164A1300CCDCB9 /* FirebaseAnalyticsOnDeviceConversion */ = {
			isa = XCSwiftPackageProductDependency;
			package = F1285D9B2B1648C900CCDCB9 /* XCRemoteSwiftPackageReference "firebase-ios-sdk" */;
			productName = FirebaseAnalyticsOnDeviceConversion;
		};
		F1285DD02B164A1300CCDCB9 /* FirebaseAnalyticsSwift */ = {
			isa = XCSwiftPackageProductDependency;
			package = F1285D9B2B1648C900CCDCB9 /* XCRemoteSwiftPackageReference "firebase-ios-sdk" */;
			productName = FirebaseAnalyticsSwift;
		};
		F1285DD22B164A1300CCDCB9 /* FirebaseAnalyticsWithoutAdIdSupport */ = {
			isa = XCSwiftPackageProductDependency;
			package = F1285D9B2B1648C900CCDCB9 /* XCRemoteSwiftPackageReference "firebase-ios-sdk" */;
			productName = FirebaseAnalyticsWithoutAdIdSupport;
		};
		F1285DD42B164A1300CCDCB9 /* FirebaseAppCheck */ = {
			isa = XCSwiftPackageProductDependency;
			package = F1285D9B2B1648C900CCDCB9 /* XCRemoteSwiftPackageReference "firebase-ios-sdk" */;
			productName = FirebaseAppCheck;
		};
		F1285DD62B164A2400CCDCB9 /* FirebaseAnalytics */ = {
			isa = XCSwiftPackageProductDependency;
			package = F1285D9B2B1648C900CCDCB9 /* XCRemoteSwiftPackageReference "firebase-ios-sdk" */;
			productName = FirebaseAnalytics;
		};
		F1285DD82B164A2400CCDCB9 /* FirebaseAnalyticsOnDeviceConversion */ = {
			isa = XCSwiftPackageProductDependency;
			package = F1285D9B2B1648C900CCDCB9 /* XCRemoteSwiftPackageReference "firebase-ios-sdk" */;
			productName = FirebaseAnalyticsOnDeviceConversion;
		};
		F1285DDA2B164A2400CCDCB9 /* FirebaseAnalyticsSwift */ = {
			isa = XCSwiftPackageProductDependency;
			package = F1285D9B2B1648C900CCDCB9 /* XCRemoteSwiftPackageReference "firebase-ios-sdk" */;
			productName = FirebaseAnalyticsSwift;
		};
		F1285DDC2B164A2400CCDCB9 /* FirebaseAnalyticsWithoutAdIdSupport */ = {
			isa = XCSwiftPackageProductDependency;
			package = F1285D9B2B1648C900CCDCB9 /* XCRemoteSwiftPackageReference "firebase-ios-sdk" */;
			productName = FirebaseAnalyticsWithoutAdIdSupport;
		};
		F1285DDE2B164A2400CCDCB9 /* FirebaseAppCheck */ = {
			isa = XCSwiftPackageProductDependency;
			package = F1285D9B2B1648C900CCDCB9 /* XCRemoteSwiftPackageReference "firebase-ios-sdk" */;
			productName = FirebaseAppCheck;
		};
		F1285DE02B164A5800CCDCB9 /* FirebaseAnalytics */ = {
			isa = XCSwiftPackageProductDependency;
			package = F1285D9B2B1648C900CCDCB9 /* XCRemoteSwiftPackageReference "firebase-ios-sdk" */;
			productName = FirebaseAnalytics;
		};
		F1285DE22B164A5800CCDCB9 /* FirebaseAnalyticsOnDeviceConversion */ = {
			isa = XCSwiftPackageProductDependency;
			package = F1285D9B2B1648C900CCDCB9 /* XCRemoteSwiftPackageReference "firebase-ios-sdk" */;
			productName = FirebaseAnalyticsOnDeviceConversion;
		};
		F1285DE42B164A5800CCDCB9 /* FirebaseAnalyticsSwift */ = {
			isa = XCSwiftPackageProductDependency;
			package = F1285D9B2B1648C900CCDCB9 /* XCRemoteSwiftPackageReference "firebase-ios-sdk" */;
			productName = FirebaseAnalyticsSwift;
		};
		F1285DE62B164A5800CCDCB9 /* FirebaseAnalyticsWithoutAdIdSupport */ = {
			isa = XCSwiftPackageProductDependency;
			package = F1285D9B2B1648C900CCDCB9 /* XCRemoteSwiftPackageReference "firebase-ios-sdk" */;
			productName = FirebaseAnalyticsWithoutAdIdSupport;
		};
		F1285DE82B164A5800CCDCB9 /* FirebaseAppCheck */ = {
			isa = XCSwiftPackageProductDependency;
			package = F1285D9B2B1648C900CCDCB9 /* XCRemoteSwiftPackageReference "firebase-ios-sdk" */;
			productName = FirebaseAppCheck;
		};
		F1285DEA2B164A7200CCDCB9 /* FirebaseAnalytics */ = {
			isa = XCSwiftPackageProductDependency;
			package = F1285D9B2B1648C900CCDCB9 /* XCRemoteSwiftPackageReference "firebase-ios-sdk" */;
			productName = FirebaseAnalytics;
		};
		F1285DEC2B164A7200CCDCB9 /* FirebaseAnalyticsOnDeviceConversion */ = {
			isa = XCSwiftPackageProductDependency;
			package = F1285D9B2B1648C900CCDCB9 /* XCRemoteSwiftPackageReference "firebase-ios-sdk" */;
			productName = FirebaseAnalyticsOnDeviceConversion;
		};
		F1285DEE2B164A7200CCDCB9 /* FirebaseAnalyticsSwift */ = {
			isa = XCSwiftPackageProductDependency;
			package = F1285D9B2B1648C900CCDCB9 /* XCRemoteSwiftPackageReference "firebase-ios-sdk" */;
			productName = FirebaseAnalyticsSwift;
		};
		F1285DF02B164A7200CCDCB9 /* FirebaseAnalyticsWithoutAdIdSupport */ = {
			isa = XCSwiftPackageProductDependency;
			package = F1285D9B2B1648C900CCDCB9 /* XCRemoteSwiftPackageReference "firebase-ios-sdk" */;
			productName = FirebaseAnalyticsWithoutAdIdSupport;
		};
		F1285DF22B164A7200CCDCB9 /* FirebaseAppCheck */ = {
			isa = XCSwiftPackageProductDependency;
			package = F1285D9B2B1648C900CCDCB9 /* XCRemoteSwiftPackageReference "firebase-ios-sdk" */;
			productName = FirebaseAppCheck;
		};
		F1285DF42B164AEA00CCDCB9 /* FirebaseAnalytics */ = {
			isa = XCSwiftPackageProductDependency;
			package = F1285D9B2B1648C900CCDCB9 /* XCRemoteSwiftPackageReference "firebase-ios-sdk" */;
			productName = FirebaseAnalytics;
		};
		F1285DF62B164AEA00CCDCB9 /* FirebaseAnalyticsOnDeviceConversion */ = {
			isa = XCSwiftPackageProductDependency;
			package = F1285D9B2B1648C900CCDCB9 /* XCRemoteSwiftPackageReference "firebase-ios-sdk" */;
			productName = FirebaseAnalyticsOnDeviceConversion;
		};
		F1285DF82B164AEA00CCDCB9 /* FirebaseAnalyticsSwift */ = {
			isa = XCSwiftPackageProductDependency;
			package = F1285D9B2B1648C900CCDCB9 /* XCRemoteSwiftPackageReference "firebase-ios-sdk" */;
			productName = FirebaseAnalyticsSwift;
		};
		F1285DFA2B164AEA00CCDCB9 /* FirebaseAnalyticsWithoutAdIdSupport */ = {
			isa = XCSwiftPackageProductDependency;
			package = F1285D9B2B1648C900CCDCB9 /* XCRemoteSwiftPackageReference "firebase-ios-sdk" */;
			productName = FirebaseAnalyticsWithoutAdIdSupport;
		};
		F1285DFC2B164AEA00CCDCB9 /* FirebaseAppCheck */ = {
			isa = XCSwiftPackageProductDependency;
			package = F1285D9B2B1648C900CCDCB9 /* XCRemoteSwiftPackageReference "firebase-ios-sdk" */;
			productName = FirebaseAppCheck;
		};
		F1285DFE2B164B0F00CCDCB9 /* FirebaseAnalytics */ = {
			isa = XCSwiftPackageProductDependency;
			package = F1285D9B2B1648C900CCDCB9 /* XCRemoteSwiftPackageReference "firebase-ios-sdk" */;
			productName = FirebaseAnalytics;
		};
		F1285E002B164B0F00CCDCB9 /* FirebaseAnalyticsOnDeviceConversion */ = {
			isa = XCSwiftPackageProductDependency;
			package = F1285D9B2B1648C900CCDCB9 /* XCRemoteSwiftPackageReference "firebase-ios-sdk" */;
			productName = FirebaseAnalyticsOnDeviceConversion;
		};
		F1285E022B164B0F00CCDCB9 /* FirebaseAnalyticsSwift */ = {
			isa = XCSwiftPackageProductDependency;
			package = F1285D9B2B1648C900CCDCB9 /* XCRemoteSwiftPackageReference "firebase-ios-sdk" */;
			productName = FirebaseAnalyticsSwift;
		};
		F1285E042B164B0F00CCDCB9 /* FirebaseAnalyticsWithoutAdIdSupport */ = {
			isa = XCSwiftPackageProductDependency;
			package = F1285D9B2B1648C900CCDCB9 /* XCRemoteSwiftPackageReference "firebase-ios-sdk" */;
			productName = FirebaseAnalyticsWithoutAdIdSupport;
		};
		F1285E062B164B0F00CCDCB9 /* FirebaseAppCheck */ = {
			isa = XCSwiftPackageProductDependency;
			package = F1285D9B2B1648C900CCDCB9 /* XCRemoteSwiftPackageReference "firebase-ios-sdk" */;
			productName = FirebaseAppCheck;
		};
		F1285E092B164B3C00CCDCB9 /* FirebaseFirestore */ = {
			isa = XCSwiftPackageProductDependency;
			package = F1285D9B2B1648C900CCDCB9 /* XCRemoteSwiftPackageReference "firebase-ios-sdk" */;
			productName = FirebaseFirestore;
		};
/* End XCSwiftPackageProductDependency section */
	};
	rootObject = F1285CFA2B14775D00CCDCB9 /* Project object */;
}
